# @generated - this file is auto-generated by `mise lock` https://mise.en.dev/dev-tools/mise-lock.html

[[tools.elixir]]
version = "1.20.1-otp-29"
backend = "core:elixir"

[tools.elixir."platforms.linux-arm64"]
checksum = "sha256:6f8aa7149d1ff24d048c5bcfc8c4e37e463faef7e8ae8f5ea105c95f7d4f3c9a"
url = "https://builds.hex.pm/builds/elixir/v1.20.1-otp-29.zip"

[tools.elixir."platforms.linux-arm64-musl"]
checksum = "sha256:6f8aa7149d1ff24d048c5bcfc8c4e37e463faef7e8ae8f5ea105c95f7d4f3c9a"
url = "https://builds.hex.pm/builds/elixir/v1.20.1-otp-29.zip"

[tools.elixir."platforms.linux-x64"]
checksum = "sha256:6f8aa7149d1ff24d048c5bcfc8c4e37e463faef7e8ae8f5ea105c95f7d4f3c9a"
url = "https://builds.hex.pm/builds/elixir/v1.20.1-otp-29.zip"

[tools.elixir."platforms.linux-x64-musl"]
checksum = "sha256:6f8aa7149d1ff24d048c5bcfc8c4e37e463faef7e8ae8f5ea105c95f7d4f3c9a"
url = "https://builds.hex.pm/builds/elixir/v1.20.1-otp-29.zip"

[tools.elixir."platforms.macos-arm64"]
checksum = "sha256:6f8aa7149d1ff24d048c5bcfc8c4e37e463faef7e8ae8f5ea105c95f7d4f3c9a"
url = "https://builds.hex.pm/builds/elixir/v1.20.1-otp-29.zip"

[tools.elixir."platforms.macos-x64"]
checksum = "sha256:6f8aa7149d1ff24d048c5bcfc8c4e37e463faef7e8ae8f5ea105c95f7d4f3c9a"
url = "https://builds.hex.pm/builds/elixir/v1.20.1-otp-29.zip"

[tools.elixir."platforms.windows-x64"]
checksum = "sha256:6f8aa7149d1ff24d048c5bcfc8c4e37e463faef7e8ae8f5ea105c95f7d4f3c9a"
url = "https://builds.hex.pm/builds/elixir/v1.20.1-otp-29.zip"

[[tools.erlang]]
version = "29.0.2"
backend = "core:erlang"

[tools.erlang.options]
precompiled = "if_available"

[tools.erlang."platforms.macos-arm64"]
checksum = "sha256:ec6e09dee496adf646b0a22eef26b769e7f8032c83dd10292c58d50fb38e2210"
url = "https://github.com/erlef/otp_builds/releases/download/OTP-29.0.2/otp-aarch64-apple-darwin.tar.gz"
url_api = "https://api.github.com/repos/erlef/otp_builds/releases/assets/443541329"

[tools.erlang."platforms.macos-x64"]
checksum = "sha256:3da4495ce6372f5fda002ed1ae45832a11e05aaa9928790e0bf1d14e3ee84657"
url = "https://github.com/erlef/otp_builds/releases/download/OTP-29.0.2/otp-x86_64-apple-darwin.tar.gz"
url_api = "https://api.github.com/repos/erlef/otp_builds/releases/assets/443557769"

[tools.erlang."platforms.windows-x64"]
checksum = "sha256:dffd5fca2e841267bfb4e961c38bb18436a4b55548deae727d5691a984f7b80f"
url = "https://github.com/erlang/otp/releases/download/OTP-29.0.2/otp_win64_29.0.2.zip"
url_api = "https://api.github.com/repos/erlang/otp/releases/assets/443733928"

[[tools.rebar]]
version = "3.27.0"
backend = "github:erlang/rebar3"

[tools.rebar.options]
asset_pattern = "rebar3"

[tools.rebar."platforms.linux-arm64"]
checksum = "sha256:af85aab41f9fd74bdd6341ebdf6fe9c88077aab9f8eac82371583fa02f2b0bdf"
url = "https://github.com/erlang/rebar3/releases/download/3.27.0/rebar3"
url_api = "https://api.github.com/repos/erlang/rebar3/releases/assets/363630699"

[tools.rebar."platforms.linux-arm64-musl"]
checksum = "sha256:af85aab41f9fd74bdd6341ebdf6fe9c88077aab9f8eac82371583fa02f2b0bdf"
url = "https://github.com/erlang/rebar3/releases/download/3.27.0/rebar3"
url_api = "https://api.github.com/repos/erlang/rebar3/releases/assets/363630699"

[tools.rebar."platforms.linux-x64"]
checksum = "sha256:af85aab41f9fd74bdd6341ebdf6fe9c88077aab9f8eac82371583fa02f2b0bdf"
url = "https://github.com/erlang/rebar3/releases/download/3.27.0/rebar3"
url_api = "https://api.github.com/repos/erlang/rebar3/releases/assets/363630699"

[tools.rebar."platforms.linux-x64-musl"]
checksum = "sha256:af85aab41f9fd74bdd6341ebdf6fe9c88077aab9f8eac82371583fa02f2b0bdf"
url = "https://github.com/erlang/rebar3/releases/download/3.27.0/rebar3"
url_api = "https://api.github.com/repos/erlang/rebar3/releases/assets/363630699"

[tools.rebar."platforms.macos-arm64"]
checksum = "sha256:af85aab41f9fd74bdd6341ebdf6fe9c88077aab9f8eac82371583fa02f2b0bdf"
url = "https://github.com/erlang/rebar3/releases/download/3.27.0/rebar3"
url_api = "https://api.github.com/repos/erlang/rebar3/releases/assets/363630699"

[tools.rebar."platforms.macos-x64"]
checksum = "sha256:af85aab41f9fd74bdd6341ebdf6fe9c88077aab9f8eac82371583fa02f2b0bdf"
url = "https://github.com/erlang/rebar3/releases/download/3.27.0/rebar3"
url_api = "https://api.github.com/repos/erlang/rebar3/releases/assets/363630699"

[tools.rebar."platforms.windows-x64"]
checksum = "sha256:af85aab41f9fd74bdd6341ebdf6fe9c88077aab9f8eac82371583fa02f2b0bdf"
url = "https://github.com/erlang/rebar3/releases/download/3.27.0/rebar3"
url_api = "https://api.github.com/repos/erlang/rebar3/releases/assets/363630699"

[[tools.ripgrep]]
version = "15.1.0"
backend = "aqua:BurntSushi/ripgrep"

[tools.ripgrep."platforms.linux-arm64"]
checksum = "sha256:2b661c6ef508e902f388e9098d9c4c5aca72c87b55922d94abdba830b4dc885e"
url = "https://github.com/BurntSushi/ripgrep/releases/download/15.1.0/ripgrep-15.1.0-aarch64-unknown-linux-gnu.tar.gz"

[tools.ripgrep."platforms.linux-x64"]
checksum = "sha256:1c9297be4a084eea7ecaedf93eb03d058d6faae29bbc57ecdaf5063921491599"
url = "https://github.com/BurntSushi/ripgrep/releases/download/15.1.0/ripgrep-15.1.0-x86_64-unknown-linux-musl.tar.gz"

[tools.ripgrep."platforms.linux-x64-musl"]
checksum = "sha256:1c9297be4a084eea7ecaedf93eb03d058d6faae29bbc57ecdaf5063921491599"
url = "https://github.com/BurntSushi/ripgrep/releases/download/15.1.0/ripgrep-15.1.0-x86_64-unknown-linux-musl.tar.gz"

[tools.ripgrep."platforms.macos-arm64"]
checksum = "sha256:378e973289176ca0c6054054ee7f631a065874a352bf43f0fa60ef079b6ba715"
url = "https://github.com/BurntSushi/ripgrep/releases/download/15.1.0/ripgrep-15.1.0-aarch64-apple-darwin.tar.gz"

[tools.ripgrep."platforms.macos-x64"]
checksum = "sha256:64811cb24e77cac3057d6c40b63ac9becf9082eedd54ca411b475b755d334882"
url = "https://github.com/BurntSushi/ripgrep/releases/download/15.1.0/ripgrep-15.1.0-x86_64-apple-darwin.tar.gz"

[tools.ripgrep."platforms.windows-x64"]
checksum = "sha256:124510b94b6baa3380d051fdf4650eaa80a302c876d611e9dba0b2e18d87493a"
url = "https://github.com/BurntSushi/ripgrep/releases/download/15.1.0/ripgrep-15.1.0-x86_64-pc-windows-msvc.zip"
